
Microsoft Visual Studio Solution File, Format Version 12.00
# Visual Studio Version 17
VisualStudioVersion = 17.9.34902.65
MinimumVisualStudioVersion = 10.0.40219.1
Project("{FAE04EC0-301F-11D3-BF4B-00C04F79EFBC}") = "CSharpCoding", "CSharpCoding.csproj", "{26E88D4A-F958-4978-BA52-42BECA6E2159}"
EndProject
Global
	GlobalSection(SolutionConfigurationPlatforms) = preSolution
		Debug|Any CPU = Debug|Any CPU
		Release|Any CPU = Release|Any CPU
	EndGlobalSection
	GlobalSection(ProjectConfigurationPlatforms) = postSolution
		{26E88D4A-F958-4978-BA52-42BECA6E2159}.Debug|Any CPU.ActiveCfg = Debug|Any CPU
		{26E88D4A-F958-4978-BA52-42BECA6E2159}.Debug|Any CPU.Build.0 = Debug|Any CPU
		{26E88D4A-F958-4978-BA52-42BECA6E2159}.Release|Any CPU.ActiveCfg = Release|Any CPU
		{26E88D4A-F958-4978-BA52-42BECA6E2159}.Release|Any CPU.Build.0 = Release|Any CPU
	EndGlobalSection
	GlobalSection(SolutionProperties) = preSolution
		HideSolutionNode = FALSE
	EndGlobalSection
	GlobalSection(ExtensibilityGlobals) = postSolution
		SolutionGuid = {819ED9E0-E0F5-445D-98BE-94E5FE3D0D85}
	EndGlobalSection
EndGlobal
