
Microsoft Visual Studio Solution File, Format Version 12.00
# Visual Studio Version 17
VisualStudioVersion = 17.9.34902.65
MinimumVisualStudioVersion = 10.0.40219.1
Project("{FAE04EC0-301F-11D3-BF4B-00C04F79EFBC}") = "StudentPortal", "StudentPortal.csproj", "{87F7F0EA-7B19-4EC7-9FD7-7DF9BF7FD2A0}"
EndProject
Global
	GlobalSection(SolutionConfigurationPlatforms) = preSolution
		Debug|Any CPU = Debug|Any CPU
		Release|Any CPU = Release|Any CPU
	EndGlobalSection
	GlobalSection(ProjectConfigurationPlatforms) = postSolution
		{87F7F0EA-7B19-4EC7-9FD7-7DF9BF7FD2A0}.Debug|Any CPU.ActiveCfg = Debug|Any CPU
		{87F7F0EA-7B19-4EC7-9FD7-7DF9BF7FD2A0}.Debug|Any CPU.Build.0 = Debug|Any CPU
		{87F7F0EA-7B19-4EC7-9FD7-7DF9BF7FD2A0}.Release|Any CPU.ActiveCfg = Release|Any CPU
		{87F7F0EA-7B19-4EC7-9FD7-7DF9BF7FD2A0}.Release|Any CPU.Build.0 = Release|Any CPU
	EndGlobalSection
	GlobalSection(SolutionProperties) = preSolution
		HideSolutionNode = FALSE
	EndGlobalSection
	GlobalSection(ExtensibilityGlobals) = postSolution
		SolutionGuid = {1881C48D-A4BA-43DE-9019-664A4378EECA}
	EndGlobalSection
EndGlobal
